
Microsoft Visual Studio Solution File, Format Version 12.00
# Visual Studio Version 16
VisualStudioVersion = 16.0.31129.286
MinimumVisualStudioVersion = 10.0.40219.1
Project("{FAE04EC0-301F-11D3-BF4B-00C04F79EFBC}") = "RoboChatWpf", "RoboChatWpf\RoboChatWpf.csproj", "{CEC452CE-CC38-403B-BC95-7C834F3BDA88}"
EndProject
Global
	GlobalSection(SolutionConfigurationPlatforms) = preSolution
		Debug|Any CPU = Debug|Any CPU
		Release|Any CPU = Release|Any CPU
	EndGlobalSection
	GlobalSection(ProjectConfigurationPlatforms) = postSolution
		{CEC452CE-CC38-403B-BC95-7C834F3BDA88}.Debug|Any CPU.ActiveCfg = Debug|Any CPU
		{CEC452CE-CC38-403B-BC95-7C834F3BDA88}.Debug|Any CPU.Build.0 = Debug|Any CPU
		{CEC452CE-CC38-403B-BC95-7C834F3BDA88}.Release|Any CPU.ActiveCfg = Release|Any CPU
		{CEC452CE-CC38-403B-BC95-7C834F3BDA88}.Release|Any CPU.Build.0 = Release|Any CPU
	EndGlobalSection
	GlobalSection(SolutionProperties) = preSolution
		HideSolutionNode = FALSE
	EndGlobalSection
	GlobalSection(ExtensibilityGlobals) = postSolution
		SolutionGuid = {551E03CE-C7B0-40B8-8EF4-A7F0D08BBAA1}
	EndGlobalSection
EndGlobal
